{
  "lockfileVersion": 1,
  "workspaces": {
    "": {
      "name": "lazypr",
      "dependencies": {
        "turbo": "^2.7.4",
      },
      "devDependencies": {
        "@biomejs/biome": "^1.9.0",
        "@types/bun": "latest",
      },
      "peerDependencies": {
        "typescript": "^5",
      },
    },
    "apps/github-action": {
      "name": "@lazypr/github-action",
    },
    "packages/ai-engine": {
      "name": "@lazypr/ai-engine",
      "version": "0.1.0",
      "dependencies": {
        "openai": "^4.0.0",
        "zod": "^3.23.0",
      },
      "devDependencies": {
        "@types/node": "^20",
        "typescript": "^5",
      },
    },
    "packages/config-presets": {
      "name": "@lazypr/config-presets",
      "version": "0.1.0",
      "devDependencies": {
        "@types/node": "^20",
        "typescript": "^5",
      },
    },
    "packages/core": {
      "name": "@lazypr/core",
      "version": "0.1.0",
      "dependencies": {
        "@actions/github": "^6.0.0",
        "@octokit/rest": "^21.0.0",
        "zod": "^3.23.0",
      },
      "devDependencies": {
        "@types/node": "^20",
        "typescript": "^5",
      },
    },
  },
  "packages": {
    "@actions/github": ["@actions/github@6.0.1", "", { "dependencies": { "@actions/http-client": "^2.2.0", "@octokit/core": "^5.0.1", "@octokit/plugin-paginate-rest": "^9.2.2", "@octokit/plugin-rest-endpoint-methods": "^10.4.0", "@octokit/request": "^8.4.1", "@octokit/request-error": "^5.1.1", "undici": "^5.28.5" } }, "sha512-xbZVcaqD4XnQAe35qSQqskb3SqIAfRyLBrHMd/8TuL7hJSz2QtbDwnNM8zWx4zO5l2fnGtseNE3MbEvD7BxVMw=="],

    "@actions/http-client": ["@actions/http-client@2.2.3", "", { "dependencies": { "tunnel": "^0.0.6", "undici": "^5.25.4" } }, "sha512-mx8hyJi/hjFvbPokCg4uRd4ZX78t+YyRPtnKWwIl+RzNaVuFpQHfmlGVfsKEJN8LwTCvL+DfVgAM04XaHkm6bA=="],

    "@biomejs/biome": ["@biomejs/biome@1.9.4", "", { "optionalDependencies": { "@biomejs/cli-darwin-arm64": "1.9.4", "@biomejs/cli-darwin-x64": "1.9.4", "@biomejs/cli-linux-arm64": "1.9.4", "@biomejs/cli-linux-arm64-musl": "1.9.4", "@biomejs/cli-linux-x64": "1.9.4", "@biomejs/cli-linux-x64-musl": "1.9.4", "@biomejs/cli-win32-arm64": "1.9.4", "@biomejs/cli-win32-x64": "1.9.4" }, "bin": { "biome": "bin/biome" } }, "sha512-1rkd7G70+o9KkTn5KLmDYXihGoTaIGO9PIIN2ZB7UJxFrWw04CZHPYiMRjYsaDvVV7hP1dYNRLxSANLaBFGpog=="],

    "@biomejs/cli-darwin-arm64": ["@biomejs/cli-darwin-arm64@1.9.4", "", { "os": "darwin", "cpu": "arm64" }, "sha512-bFBsPWrNvkdKrNCYeAp+xo2HecOGPAy9WyNyB/jKnnedgzl4W4Hb9ZMzYNbf8dMCGmUdSavlYHiR01QaYR58cw=="],

    "@biomejs/cli-darwin-x64": ["@biomejs/cli-darwin-x64@1.9.4", "", { "os": "darwin", "cpu": "x64" }, "sha512-ngYBh/+bEedqkSevPVhLP4QfVPCpb+4BBe2p7Xs32dBgs7rh9nY2AIYUL6BgLw1JVXV8GlpKmb/hNiuIxfPfZg=="],

    "@biomejs/cli-linux-arm64": ["@biomejs/cli-linux-arm64@1.9.4", "", { "os": "linux", "cpu": "arm64" }, "sha512-fJIW0+LYujdjUgJJuwesP4EjIBl/N/TcOX3IvIHJQNsAqvV2CHIogsmA94BPG6jZATS4Hi+xv4SkBBQSt1N4/g=="],

    "@biomejs/cli-linux-arm64-musl": ["@biomejs/cli-linux-arm64-musl@1.9.4", "", { "os": "linux", "cpu": "arm64" }, "sha512-v665Ct9WCRjGa8+kTr0CzApU0+XXtRgwmzIf1SeKSGAv+2scAlW6JR5PMFo6FzqqZ64Po79cKODKf3/AAmECqA=="],

    "@biomejs/cli-linux-x64": ["@biomejs/cli-linux-x64@1.9.4", "", { "os": "linux", "cpu": "x64" }, "sha512-lRCJv/Vi3Vlwmbd6K+oQ0KhLHMAysN8lXoCI7XeHlxaajk06u7G+UsFSO01NAs5iYuWKmVZjmiOzJ0OJmGsMwg=="],

    "@biomejs/cli-linux-x64-musl": ["@biomejs/cli-linux-x64-musl@1.9.4", "", { "os": "linux", "cpu": "x64" }, "sha512-gEhi/jSBhZ2m6wjV530Yy8+fNqG8PAinM3oV7CyO+6c3CEh16Eizm21uHVsyVBEB6RIM8JHIl6AGYCv6Q6Q9Tg=="],

    "@biomejs/cli-win32-arm64": ["@biomejs/cli-win32-arm64@1.9.4", "", { "os": "win32", "cpu": "arm64" }, "sha512-tlbhLk+WXZmgwoIKwHIHEBZUwxml7bRJgk0X2sPyNR3S93cdRq6XulAZRQJ17FYGGzWne0fgrXBKpl7l4M87Hg=="],

    "@biomejs/cli-win32-x64": ["@biomejs/cli-win32-x64@1.9.4", "", { "os": "win32", "cpu": "x64" }, "sha512-8Y5wMhVIPaWe6jw2H+KlEm4wP/f7EW3810ZLmDlrEEy5KvBsb9ECEfu/kMWD484ijfQ8+nIi0giMgu9g1UAuuA=="],

    "@fastify/busboy": ["@fastify/busboy@2.1.1", "", {}, "sha512-vBZP4NlzfOlerQTnba4aqZoMhE/a9HY7HRqoOPaETQcSQuWEIyZMHGfVu6w9wGtGK5fED5qRs2DteVCjOH60sA=="],

    "@lazypr/ai-engine": ["@lazypr/ai-engine@workspace:packages/ai-engine"],

    "@lazypr/config-presets": ["@lazypr/config-presets@workspace:packages/config-presets"],

    "@lazypr/core": ["@lazypr/core@workspace:packages/core"],

    "@lazypr/github-action": ["@lazypr/github-action@workspace:apps/github-action"],

    "@octokit/auth-token": ["@octokit/auth-token@4.0.0", "", {}, "sha512-tY/msAuJo6ARbK6SPIxZrPBms3xPbfwBrulZe0Wtr/DIY9lje2HeV1uoebShn6mx7SjCHif6EjMvoREj+gZ+SA=="],

    "@octokit/core": ["@octokit/core@5.2.2", "", { "dependencies": { "@octokit/auth-token": "^4.0.0", "@octokit/graphql": "^7.1.0", "@octokit/request": "^8.4.1", "@octokit/request-error": "^5.1.1", "@octokit/types": "^13.0.0", "before-after-hook": "^2.2.0", "universal-user-agent": "^6.0.0" } }, "sha512-/g2d4sW9nUDJOMz3mabVQvOGhVa4e/BN/Um7yca9Bb2XTzPPnfTWHWQg+IsEYO7M3Vx+EXvaM/I2pJWIMun1bg=="],

    "@octokit/endpoint": ["@octokit/endpoint@9.0.6", "", { "dependencies": { "@octokit/types": "^13.1.0", "universal-user-agent": "^6.0.0" } }, "sha512-H1fNTMA57HbkFESSt3Y9+FBICv+0jFceJFPWDePYlR/iMGrwM5ph+Dd4XRQs+8X+PUFURLQgX9ChPfhJ/1uNQw=="],

    "@octokit/graphql": ["@octokit/graphql@7.1.1", "", { "dependencies": { "@octokit/request": "^8.4.1", "@octokit/types": "^13.0.0", "universal-user-agent": "^6.0.0" } }, "sha512-3mkDltSfcDUoa176nlGoA32RGjeWjl3K7F/BwHwRMJUW/IteSa4bnSV8p2ThNkcIcZU2umkZWxwETSSCJf2Q7g=="],

    "@octokit/openapi-types": ["@octokit/openapi-types@24.2.0", "", {}, "sha512-9sIH3nSUttelJSXUrmGzl7QUBFul0/mB8HRYl3fOlgHbIWG+WnYDXU3v/2zMtAvuzZ/ed00Ei6on975FhBfzrg=="],

    "@octokit/plugin-paginate-rest": ["@octokit/plugin-paginate-rest@9.2.2", "", { "dependencies": { "@octokit/types": "^12.6.0" }, "peerDependencies": { "@octokit/core": "5" } }, "sha512-u3KYkGF7GcZnSD/3UP0S7K5XUFT2FkOQdcfXZGZQPGv3lm4F2Xbf71lvjldr8c1H3nNbF+33cLEkWYbokGWqiQ=="],

    "@octokit/plugin-request-log": ["@octokit/plugin-request-log@5.3.1", "", { "peerDependencies": { "@octokit/core": ">=6" } }, "sha512-n/lNeCtq+9ofhC15xzmJCNKP2BWTv8Ih2TTy+jatNCCq/gQP/V7rK3fjIfuz0pDWDALO/o/4QY4hyOF6TQQFUw=="],

    "@octokit/plugin-rest-endpoint-methods": ["@octokit/plugin-rest-endpoint-methods@10.4.1", "", { "dependencies": { "@octokit/types": "^12.6.0" }, "peerDependencies": { "@octokit/core": "5" } }, "sha512-xV1b+ceKV9KytQe3zCVqjg+8GTGfDYwaT1ATU5isiUyVtlVAO3HNdzpS4sr4GBx4hxQ46s7ITtZrAsxG22+rVg=="],

    "@octokit/request": ["@octokit/request@8.4.1", "", { "dependencies": { "@octokit/endpoint": "^9.0.6", "@octokit/request-error": "^5.1.1", "@octokit/types": "^13.1.0", "universal-user-agent": "^6.0.0" } }, "sha512-qnB2+SY3hkCmBxZsR/MPCybNmbJe4KAlfWErXq+rBKkQJlbjdJeS85VI9r8UqeLYLvnAenU8Q1okM/0MBsAGXw=="],

    "@octokit/request-error": ["@octokit/request-error@5.1.1", "", { "dependencies": { "@octokit/types": "^13.1.0", "deprecation": "^2.0.0", "once": "^1.4.0" } }, "sha512-v9iyEQJH6ZntoENr9/yXxjuezh4My67CBSu9r6Ve/05Iu5gNgnisNWOsoJHTP6k0Rr0+HQIpnH+kyammu90q/g=="],

    "@octokit/rest": ["@octokit/rest@21.1.1", "", { "dependencies": { "@octokit/core": "^6.1.4", "@octokit/plugin-paginate-rest": "^11.4.2", "@octokit/plugin-request-log": "^5.3.1", "@octokit/plugin-rest-endpoint-methods": "^13.3.0" } }, "sha512-sTQV7va0IUVZcntzy1q3QqPm/r8rWtDCqpRAmb8eXXnKkjoQEtFe3Nt5GTVsHft+R6jJoHeSiVLcgcvhtue/rg=="],

    "@octokit/types": ["@octokit/types@13.10.0", "", { "dependencies": { "@octokit/openapi-types": "^24.2.0" } }, "sha512-ifLaO34EbbPj0Xgro4G5lP5asESjwHracYJvVaPIyXMuiuXLlhic3S47cBdTb+jfODkTE5YtGCLt3Ay3+J97sA=="],

    "@types/bun": ["@types/bun@1.3.6", "", { "dependencies": { "bun-types": "1.3.6" } }, "sha512-uWCv6FO/8LcpREhenN1d1b6fcspAB+cefwD7uti8C8VffIv0Um08TKMn98FynpTiU38+y2dUO55T11NgDt8VAA=="],

    "@types/node": ["@types/node@20.19.30", "", { "dependencies": { "undici-types": "~6.21.0" } }, "sha512-WJtwWJu7UdlvzEAUm484QNg5eAoq5QR08KDNx7g45Usrs2NtOPiX8ugDqmKdXkyL03rBqU5dYNYVQetEpBHq2g=="],

    "@types/node-fetch": ["@types/node-fetch@2.6.13", "", { "dependencies": { "@types/node": "*", "form-data": "^4.0.4" } }, "sha512-QGpRVpzSaUs30JBSGPjOg4Uveu384erbHBoT1zeONvyCfwQxIkUshLAOqN/k9EjGviPRmWTTe6aH2qySWKTVSw=="],

    "abort-controller": ["abort-controller@3.0.0", "", { "dependencies": { "event-target-shim": "^5.0.0" } }, "sha512-h8lQ8tacZYnR3vNQTgibj+tODHI5/+l06Au2Pcriv/Gmet0eaj4TwWH41sO9wnHDiQsEj19q0drzdWdeAHtweg=="],

    "agentkeepalive": ["agentkeepalive@4.6.0", "", { "dependencies": { "humanize-ms": "^1.2.1" } }, "sha512-kja8j7PjmncONqaTsB8fQ+wE2mSU2DJ9D4XKoJ5PFWIdRMa6SLSN1ff4mOr4jCbfRSsxR4keIiySJU0N9T5hIQ=="],

    "asynckit": ["asynckit@0.4.0", "", {}, "sha512-Oei9OH4tRh0YqU3GxhX79dM/mwVgvbZJaSNaRk+bshkj0S5cfHcgYakreBjrHwatXKbz+IoIdYLxrKim2MjW0Q=="],

    "before-after-hook": ["before-after-hook@2.2.3", "", {}, "sha512-NzUnlZexiaH/46WDhANlyR2bXRopNg4F/zuSA3OpZnllCUgRaOF2znDioDWrmbNVsuZk6l9pMquQB38cfBZwkQ=="],

    "bun-types": ["bun-types@1.3.6", "", { "dependencies": { "@types/node": "*" } }, "sha512-OlFwHcnNV99r//9v5IIOgQ9Uk37gZqrNMCcqEaExdkVq3Avwqok1bJFmvGMCkCE0FqzdY8VMOZpfpR3lwI+CsQ=="],

    "call-bind-apply-helpers": ["call-bind-apply-helpers@1.0.2", "", { "dependencies": { "es-errors": "^1.3.0", "function-bind": "^1.1.2" } }, "sha512-Sp1ablJ0ivDkSzjcaJdxEunN5/XvksFJ2sMBFfq6x0ryhQV/2b/KwFe21cMpmHtPOSij8K99/wSfoEuTObmuMQ=="],

    "combined-stream": ["combined-stream@1.0.8", "", { "dependencies": { "delayed-stream": "~1.0.0" } }, "sha512-FQN4MRfuJeHf7cBbBMJFXhKSDq+2kAArBlmRBvcvFE5BB1HZKXtSFASDhdlz9zOYwxh8lDdnvmMOe/+5cdoEdg=="],

    "delayed-stream": ["delayed-stream@1.0.0", "", {}, "sha512-ZySD7Nf91aLB0RxL4KGrKHBXl7Eds1DAmEdcoVawXnLD7SDhpNgtuII2aAkg7a7QS41jxPSZ17p4VdGnMHk3MQ=="],

    "deprecation": ["deprecation@2.3.1", "", {}, "sha512-xmHIy4F3scKVwMsQ4WnVaS8bHOx0DmVwRywosKhaILI0ywMDWPtBSku2HNxRvF7jtwDRsoEwYQSfbxj8b7RlJQ=="],

    "dunder-proto": ["dunder-proto@1.0.1", "", { "dependencies": { "call-bind-apply-helpers": "^1.0.1", "es-errors": "^1.3.0", "gopd": "^1.2.0" } }, "sha512-KIN/nDJBQRcXw0MLVhZE9iQHmG68qAVIBg9CqmUYjmQIhgij9U5MFvrqkUL5FbtyyzZuOeOt0zdeRe4UY7ct+A=="],

    "es-define-property": ["es-define-property@1.0.1", "", {}, "sha512-e3nRfgfUZ4rNGL232gUgX06QNyyez04KdjFrF+LTRoOXmrOgFKDg4BCdsjW8EnT69eqdYGmRpJwiPVYNrCaW3g=="],

    "es-errors": ["es-errors@1.3.0", "", {}, "sha512-Zf5H2Kxt2xjTvbJvP2ZWLEICxA6j+hAmMzIlypy4xcBg1vKVnx89Wy0GbS+kf5cwCVFFzdCFh2XSCFNULS6csw=="],

    "es-object-atoms": ["es-object-atoms@1.1.1", "", { "dependencies": { "es-errors": "^1.3.0" } }, "sha512-FGgH2h8zKNim9ljj7dankFPcICIK9Cp5bm+c2gQSYePhpaG5+esrLODihIorn+Pe6FGJzWhXQotPv73jTaldXA=="],

    "es-set-tostringtag": ["es-set-tostringtag@2.1.0", "", { "dependencies": { "es-errors": "^1.3.0", "get-intrinsic": "^1.2.6", "has-tostringtag": "^1.0.2", "hasown": "^2.0.2" } }, "sha512-j6vWzfrGVfyXxge+O0x5sh6cvxAog0a/4Rdd2K36zCMV5eJ+/+tOAngRO8cODMNWbVRdVlmGZQL2YS3yR8bIUA=="],

    "event-target-shim": ["event-target-shim@5.0.1", "", {}, "sha512-i/2XbnSz/uxRCU6+NdVJgKWDTM427+MqYbkQzD321DuCQJUqOuJKIA0IM2+W2xtYHdKOmZ4dR6fExsd4SXL+WQ=="],

    "fast-content-type-parse": ["fast-content-type-parse@2.0.1", "", {}, "sha512-nGqtvLrj5w0naR6tDPfB4cUmYCqouzyQiz6C5y/LtcDllJdrcc6WaWW6iXyIIOErTa/XRybj28aasdn4LkVk6Q=="],

    "form-data": ["form-data@4.0.5", "", { "dependencies": { "asynckit": "^0.4.0", "combined-stream": "^1.0.8", "es-set-tostringtag": "^2.1.0", "hasown": "^2.0.2", "mime-types": "^2.1.12" } }, "sha512-8RipRLol37bNs2bhoV67fiTEvdTrbMUYcFTiy3+wuuOnUog2QBHCZWXDRijWQfAkhBj2Uf5UnVaiWwA5vdd82w=="],

    "form-data-encoder": ["form-data-encoder@1.7.2", "", {}, "sha512-qfqtYan3rxrnCk1VYaA4H+Ms9xdpPqvLZa6xmMgFvhO32x7/3J/ExcTd6qpxM0vH2GdMI+poehyBZvqfMTto8A=="],

    "formdata-node": ["formdata-node@4.4.1", "", { "dependencies": { "node-domexception": "1.0.0", "web-streams-polyfill": "4.0.0-beta.3" } }, "sha512-0iirZp3uVDjVGt9p49aTaqjk84TrglENEDuqfdlZQ1roC9CWlPk6Avf8EEnZNcAqPonwkG35x4n3ww/1THYAeQ=="],

    "function-bind": ["function-bind@1.1.2", "", {}, "sha512-7XHNxH7qX9xG5mIwxkhumTox/MIRNcOgDrxWsMt2pAr23WHp6MrRlN7FBSFpCpr+oVO0F744iUgR82nJMfG2SA=="],

    "get-intrinsic": ["get-intrinsic@1.3.0", "", { "dependencies": { "call-bind-apply-helpers": "^1.0.2", "es-define-property": "^1.0.1", "es-errors": "^1.3.0", "es-object-atoms": "^1.1.1", "function-bind": "^1.1.2", "get-proto": "^1.0.1", "gopd": "^1.2.0", "has-symbols": "^1.1.0", "hasown": "^2.0.2", "math-intrinsics": "^1.1.0" } }, "sha512-9fSjSaos/fRIVIp+xSJlE6lfwhES7LNtKaCBIamHsjr2na1BiABJPo0mOjjz8GJDURarmCPGqaiVg5mfjb98CQ=="],

    "get-proto": ["get-proto@1.0.1", "", { "dependencies": { "dunder-proto": "^1.0.1", "es-object-atoms": "^1.0.0" } }, "sha512-sTSfBjoXBp89JvIKIefqw7U2CCebsc74kiY6awiGogKtoSGbgjYE/G/+l9sF3MWFPNc9IcoOC4ODfKHfxFmp0g=="],

    "gopd": ["gopd@1.2.0", "", {}, "sha512-ZUKRh6/kUFoAiTAtTYPZJ3hw9wNxx+BIBOijnlG9PnrJsCcSjs1wyyD6vJpaYtgnzDrKYRSqf3OO6Rfa93xsRg=="],

    "has-symbols": ["has-symbols@1.1.0", "", {}, "sha512-1cDNdwJ2Jaohmb3sg4OmKaMBwuC48sYni5HUw2DvsC8LjGTLK9h+eb1X6RyuOHe4hT0ULCW68iomhjUoKUqlPQ=="],

    "has-tostringtag": ["has-tostringtag@1.0.2", "", { "dependencies": { "has-symbols": "^1.0.3" } }, "sha512-NqADB8VjPFLM2V0VvHUewwwsw0ZWBaIdgo+ieHtK3hasLz4qeCRjYcqfB6AQrBggRKppKF8L52/VqdVsO47Dlw=="],

    "hasown": ["hasown@2.0.2", "", { "dependencies": { "function-bind": "^1.1.2" } }, "sha512-0hJU9SCPvmMzIBdZFqNPXWa6dqh7WdH0cII9y+CyS8rG3nL48Bclra9HmKhVVUHyPWNH5Y7xDwAB7bfgSjkUMQ=="],

    "humanize-ms": ["humanize-ms@1.2.1", "", { "dependencies": { "ms": "^2.0.0" } }, "sha512-Fl70vYtsAFb/C06PTS9dZBo7ihau+Tu/DNCk/OyHhea07S+aeMWpFFkUaXRa8fI+ScZbEI8dfSxwY7gxZ9SAVQ=="],

    "math-intrinsics": ["math-intrinsics@1.1.0", "", {}, "sha512-/IXtbwEk5HTPyEwyKX6hGkYXxM9nbj64B+ilVJnC/R6B0pH5G4V3b0pVbL7DBj4tkhBAppbQUlf6F6Xl9LHu1g=="],

    "mime-db": ["mime-db@1.52.0", "", {}, "sha512-sPU4uV7dYlvtWJxwwxHD0PuihVNiE7TyAbQ5SWxDCB9mUYvOgroQOwYQQOKPJ8CIbE+1ETVlOoK1UC2nU3gYvg=="],

    "mime-types": ["mime-types@2.1.35", "", { "dependencies": { "mime-db": "1.52.0" } }, "sha512-ZDY+bPm5zTTF+YpCrAU9nK0UgICYPT0QtT1NZWFv4s++TNkcgVaT0g6+4R2uI4MjQjzysHB1zxuWL50hzaeXiw=="],

    "ms": ["ms@2.1.3", "", {}, "sha512-6FlzubTLZG3J2a/NVCAleEhjzq5oxgHyaCU9yYXvcLsvoVaHJq/s5xXI6/XXP6tz7R9xAOtHnSO/tXtF3WRTlA=="],

    "node-domexception": ["node-domexception@1.0.0", "", {}, "sha512-/jKZoMpw0F8GRwl4/eLROPA3cfcXtLApP0QzLmUT/HuPCZWyB7IY9ZrMeKw2O/nFIqPQB3PVM9aYm0F312AXDQ=="],

    "node-fetch": ["node-fetch@2.7.0", "", { "dependencies": { "whatwg-url": "^5.0.0" }, "peerDependencies": { "encoding": "^0.1.0" }, "optionalPeers": ["encoding"] }, "sha512-c4FRfUm/dbcWZ7U+1Wq0AwCyFL+3nt2bEw05wfxSz+DWpWsitgmSgYmy2dQdWyKC1694ELPqMs/YzUSNozLt8A=="],

    "once": ["once@1.4.0", "", { "dependencies": { "wrappy": "1" } }, "sha512-lNaJgI+2Q5URQBkccEKHTQOPaXdUxnZZElQTZY0MFUAuaEqe1E+Nyvgdz/aIyNi6Z9MzO5dv1H8n58/GELp3+w=="],

    "openai": ["openai@4.104.0", "", { "dependencies": { "@types/node": "^18.11.18", "@types/node-fetch": "^2.6.4", "abort-controller": "^3.0.0", "agentkeepalive": "^4.2.1", "form-data-encoder": "1.7.2", "formdata-node": "^4.3.2", "node-fetch": "^2.6.7" }, "peerDependencies": { "ws": "^8.18.0", "zod": "^3.23.8" }, "optionalPeers": ["ws", "zod"], "bin": { "openai": "bin/cli" } }, "sha512-p99EFNsA/yX6UhVO93f5kJsDRLAg+CTA2RBqdHK4RtK8u5IJw32Hyb2dTGKbnnFmnuoBv5r7Z2CURI9sGZpSuA=="],

    "tr46": ["tr46@0.0.3", "", {}, "sha512-N3WMsuqV66lT30CrXNbEjx4GEwlow3v6rr4mCcv6prnfwhS01rkgyFdjPNBYd9br7LpXV1+Emh01fHnq2Gdgrw=="],

    "tunnel": ["tunnel@0.0.6", "", {}, "sha512-1h/Lnq9yajKY2PEbBadPXj3VxsDDu844OnaAo52UVmIzIvwwtBPIuNvkjuzBlTWpfJyUbG3ez0KSBibQkj4ojg=="],

    "turbo": ["turbo@2.7.4", "", { "optionalDependencies": { "turbo-darwin-64": "2.7.4", "turbo-darwin-arm64": "2.7.4", "turbo-linux-64": "2.7.4", "turbo-linux-arm64": "2.7.4", "turbo-windows-64": "2.7.4", "turbo-windows-arm64": "2.7.4" }, "bin": { "turbo": "bin/turbo" } }, "sha512-bkO4AddmDishzJB2ze7aYYPaejMoJVfS0XnaR6RCdXFOY8JGJfQE+l9fKiV7uDPa5Ut44gmOWJL3894CIMeH9g=="],

    "turbo-darwin-64": ["turbo-darwin-64@2.7.4", "", { "os": "darwin", "cpu": "x64" }, "sha512-xDR30ltfkSsRfGzABBckvl1nz1cZ3ssTujvdj+TPwOweeDRvZ0e06t5DS0rmRBvyKpgGs42K/EK6Mn2qLlFY9A=="],

    "turbo-darwin-arm64": ["turbo-darwin-arm64@2.7.4", "", { "os": "darwin", "cpu": "arm64" }, "sha512-P7sjqXtOL/+nYWPvcDGWhi8wf8M8mZHHB8XEzw2VX7VJrS8IGHyJHGD1AYfDvhAEcr7pnk3gGifz3/xyhI655w=="],

    "turbo-linux-64": ["turbo-linux-64@2.7.4", "", { "os": "linux", "cpu": "x64" }, "sha512-GofFOxRO/IhG8BcPyMSSB3Y2+oKQotsaYbHxL9yD6JPb20/o35eo+zUSyazOtilAwDHnak5dorAJFoFU8MIg2A=="],

    "turbo-linux-arm64": ["turbo-linux-arm64@2.7.4", "", { "os": "linux", "cpu": "arm64" }, "sha512-+RQKgNjksVPxYAyAgmDV7w/1qj++qca+nSNTAOKGOfJiDtSvRKoci89oftJ6anGs00uamLKVEQ712TI/tfNAIw=="],

    "turbo-windows-64": ["turbo-windows-64@2.7.4", "", { "os": "win32", "cpu": "x64" }, "sha512-rfak1+g+ON3czs1mDYsCS4X74ZmK6gOgRQTXjDICtzvR4o61paqtgAYtNPofcVsMWeF4wvCajSeoAkkeAnQ1kg=="],

    "turbo-windows-arm64": ["turbo-windows-arm64@2.7.4", "", { "os": "win32", "cpu": "arm64" }, "sha512-1ZgBNjNRbDu/fPeqXuX9i26x3CJ/Y1gcwUpQ+Vp7kN9Un6RZ9kzs164f/knrjcu5E+szCRexVjRSJay1k5jApA=="],

    "typescript": ["typescript@5.9.3", "", { "bin": { "tsc": "bin/tsc", "tsserver": "bin/tsserver" } }, "sha512-jl1vZzPDinLr9eUt3J/t7V6FgNEw9QjvBPdysz9KfQDD41fQrC2Y4vKQdiaUpFT4bXlb1RHhLpp8wtm6M5TgSw=="],

    "undici": ["undici@5.29.0", "", { "dependencies": { "@fastify/busboy": "^2.0.0" } }, "sha512-raqeBD6NQK4SkWhQzeYKd1KmIG6dllBOTt55Rmkt4HtI9mwdWtJljnrXjAFUBLTSN67HWrOIZ3EPF4kjUw80Bg=="],

    "undici-types": ["undici-types@6.21.0", "", {}, "sha512-iwDZqg0QAGrg9Rav5H4n0M64c3mkR59cJ6wQp+7C4nI0gsmExaedaYLNO44eT4AtBBwjbTiGPMlt2Md0T9H9JQ=="],

    "universal-user-agent": ["universal-user-agent@6.0.1", "", {}, "sha512-yCzhz6FN2wU1NiiQRogkTQszlQSlpWaw8SvVegAc+bDxbzHgh1vX8uIe8OYyMH6DwH+sdTJsgMl36+mSMdRJIQ=="],

    "web-streams-polyfill": ["web-streams-polyfill@4.0.0-beta.3", "", {}, "sha512-QW95TCTaHmsYfHDybGMwO5IJIM93I/6vTRk+daHTWFPhwh+C8Cg7j7XyKrwrj8Ib6vYXe0ocYNrmzY4xAAN6ug=="],

    "webidl-conversions": ["webidl-conversions@3.0.1", "", {}, "sha512-2JAn3z8AR6rjK8Sm8orRC0h/bcl/DqL7tRPdGZ4I1CjdF+EaMLmYxBHyXuKL849eucPFhvBoxMsflfOb8kxaeQ=="],

    "whatwg-url": ["whatwg-url@5.0.0", "", { "dependencies": { "tr46": "~0.0.3", "webidl-conversions": "^3.0.0" } }, "sha512-saE57nupxk6v3HY35+jzBwYa0rKSy0XR8JSxZPwgLr7ys0IBzhGviA1/TUGJLmSVqs8pb9AnvICXEuOHLprYTw=="],

    "wrappy": ["wrappy@1.0.2", "", {}, "sha512-l4Sp/DRseor9wL6EvV2+TuQn63dMkPjZ/sp9XkghTEbV9KlPS1xUsZ3u7/IQO4wxtcFB4bgpQPRcR3QCvezPcQ=="],

    "zod": ["zod@3.25.76", "", {}, "sha512-gzUt/qt81nXsFGKIFcC3YnfEAx5NkunCfnDlvuBSSFS02bcXu4Lmea0AFIUwbLWxWPx3d9p8S5QoaujKcNQxcQ=="],

    "@octokit/plugin-paginate-rest/@octokit/types": ["@octokit/types@12.6.0", "", { "dependencies": { "@octokit/openapi-types": "^20.0.0" } }, "sha512-1rhSOfRa6H9w4YwK0yrf5faDaDTb+yLyBUKOCV4xtCDB5VmIPqd/v9yr9o6SAzOAlRxMiRiCic6JVM1/kunVkw=="],

    "@octokit/plugin-request-log/@octokit/core": ["@octokit/core@6.1.6", "", { "dependencies": { "@octokit/auth-token": "^5.0.0", "@octokit/graphql": "^8.2.2", "@octokit/request": "^9.2.3", "@octokit/request-error": "^6.1.8", "@octokit/types": "^14.0.0", "before-after-hook": "^3.0.2", "universal-user-agent": "^7.0.0" } }, "sha512-kIU8SLQkYWGp3pVKiYzA5OSaNF5EE03P/R8zEmmrG6XwOg5oBjXyQVVIauQ0dgau4zYhpZEhJrvIYt6oM+zZZA=="],

    "@octokit/plugin-rest-endpoint-methods/@octokit/types": ["@octokit/types@12.6.0", "", { "dependencies": { "@octokit/openapi-types": "^20.0.0" } }, "sha512-1rhSOfRa6H9w4YwK0yrf5faDaDTb+yLyBUKOCV4xtCDB5VmIPqd/v9yr9o6SAzOAlRxMiRiCic6JVM1/kunVkw=="],

    "@octokit/rest/@octokit/core": ["@octokit/core@6.1.6", "", { "dependencies": { "@octokit/auth-token": "^5.0.0", "@octokit/graphql": "^8.2.2", "@octokit/request": "^9.2.3", "@octokit/request-error": "^6.1.8", "@octokit/types": "^14.0.0", "before-after-hook": "^3.0.2", "universal-user-agent": "^7.0.0" } }, "sha512-kIU8SLQkYWGp3pVKiYzA5OSaNF5EE03P/R8zEmmrG6XwOg5oBjXyQVVIauQ0dgau4zYhpZEhJrvIYt6oM+zZZA=="],

    "@octokit/rest/@octokit/plugin-paginate-rest": ["@octokit/plugin-paginate-rest@11.6.0", "", { "dependencies": { "@octokit/types": "^13.10.0" }, "peerDependencies": { "@octokit/core": ">=6" } }, "sha512-n5KPteiF7pWKgBIBJSk8qzoZWcUkza2O6A0za97pMGVrGfPdltxrfmfF5GucHYvHGZD8BdaZmmHGz5cX/3gdpw=="],

    "@octokit/rest/@octokit/plugin-rest-endpoint-methods": ["@octokit/plugin-rest-endpoint-methods@13.5.0", "", { "dependencies": { "@octokit/types": "^13.10.0" }, "peerDependencies": { "@octokit/core": ">=6" } }, "sha512-9Pas60Iv9ejO3WlAX3maE1+38c5nqbJXV5GrncEfkndIpZrJ/WPMRd2xYDcPPEt5yzpxcjw9fWNoPhsSGzqKqw=="],

    "@types/node-fetch/@types/node": ["@types/node@25.0.9", "", { "dependencies": { "undici-types": "~7.16.0" } }, "sha512-/rpCXHlCWeqClNBwUhDcusJxXYDjZTyE8v5oTO7WbL8eij2nKhUeU89/6xgjU7N4/Vh3He0BtyhJdQbDyhiXAw=="],

    "bun-types/@types/node": ["@types/node@25.0.9", "", { "dependencies": { "undici-types": "~7.16.0" } }, "sha512-/rpCXHlCWeqClNBwUhDcusJxXYDjZTyE8v5oTO7WbL8eij2nKhUeU89/6xgjU7N4/Vh3He0BtyhJdQbDyhiXAw=="],

    "openai/@types/node": ["@types/node@18.19.130", "", { "dependencies": { "undici-types": "~5.26.4" } }, "sha512-GRaXQx6jGfL8sKfaIDD6OupbIHBr9jv7Jnaml9tB7l4v068PAOXqfcujMMo5PhbIs6ggR1XODELqahT2R8v0fg=="],

    "@octokit/plugin-paginate-rest/@octokit/types/@octokit/openapi-types": ["@octokit/openapi-types@20.0.0", "", {}, "sha512-EtqRBEjp1dL/15V7WiX5LJMIxxkdiGJnabzYx5Apx4FkQIFgAfKumXeYAqqJCj1s+BMX4cPFIFC4OLCR6stlnA=="],

    "@octokit/plugin-request-log/@octokit/core/@octokit/auth-token": ["@octokit/auth-token@5.1.2", "", {}, "sha512-JcQDsBdg49Yky2w2ld20IHAlwr8d/d8N6NiOXbtuoPCqzbsiJgF633mVUw3x4mo0H5ypataQIX7SFu3yy44Mpw=="],

    "@octokit/plugin-request-log/@octokit/core/@octokit/graphql": ["@octokit/graphql@8.2.2", "", { "dependencies": { "@octokit/request": "^9.2.3", "@octokit/types": "^14.0.0", "universal-user-agent": "^7.0.0" } }, "sha512-Yi8hcoqsrXGdt0yObxbebHXFOiUA+2v3n53epuOg1QUgOB6c4XzvisBNVXJSl8RYA5KrDuSL2yq9Qmqe5N0ryA=="],

    "@octokit/plugin-request-log/@octokit/core/@octokit/request": ["@octokit/request@9.2.4", "", { "dependencies": { "@octokit/endpoint": "^10.1.4", "@octokit/request-error": "^6.1.8", "@octokit/types": "^14.0.0", "fast-content-type-parse": "^2.0.0", "universal-user-agent": "^7.0.2" } }, "sha512-q8ybdytBmxa6KogWlNa818r0k1wlqzNC+yNkcQDECHvQo8Vmstrg18JwqJHdJdUiHD2sjlwBgSm9kHkOKe2iyA=="],

    "@octokit/plugin-request-log/@octokit/core/@octokit/request-error": ["@octokit/request-error@6.1.8", "", { "dependencies": { "@octokit/types": "^14.0.0" } }, "sha512-WEi/R0Jmq+IJKydWlKDmryPcmdYSVjL3ekaiEL1L9eo1sUnqMJ+grqmC9cjk7CA7+b2/T397tO5d8YLOH3qYpQ=="],

    "@octokit/plugin-request-log/@octokit/core/@octokit/types": ["@octokit/types@14.1.0", "", { "dependencies": { "@octokit/openapi-types": "^25.1.0" } }, "sha512-1y6DgTy8Jomcpu33N+p5w58l6xyt55Ar2I91RPiIA0xCJBXyUAhXCcmZaDWSANiha7R9a6qJJ2CRomGPZ6f46g=="],

    "@octokit/plugin-request-log/@octokit/core/before-after-hook": ["before-after-hook@3.0.2", "", {}, "sha512-Nik3Sc0ncrMK4UUdXQmAnRtzmNQTAAXmXIopizwZ1W1t8QmfJj+zL4OA2I7XPTPW5z5TDqv4hRo/JzouDJnX3A=="],

    "@octokit/plugin-request-log/@octokit/core/universal-user-agent": ["universal-user-agent@7.0.3", "", {}, "sha512-TmnEAEAsBJVZM/AADELsK76llnwcf9vMKuPz8JflO1frO8Lchitr0fNaN9d+Ap0BjKtqWqd/J17qeDnXh8CL2A=="],

    "@octokit/plugin-rest-endpoint-methods/@octokit/types/@octokit/openapi-types": ["@octokit/openapi-types@20.0.0", "", {}, "sha512-EtqRBEjp1dL/15V7WiX5LJMIxxkdiGJnabzYx5Apx4FkQIFgAfKumXeYAqqJCj1s+BMX4cPFIFC4OLCR6stlnA=="],

    "@octokit/rest/@octokit/core/@octokit/auth-token": ["@octokit/auth-token@5.1.2", "", {}, "sha512-JcQDsBdg49Yky2w2ld20IHAlwr8d/d8N6NiOXbtuoPCqzbsiJgF633mVUw3x4mo0H5ypataQIX7SFu3yy44Mpw=="],

    "@octokit/rest/@octokit/core/@octokit/graphql": ["@octokit/graphql@8.2.2", "", { "dependencies": { "@octokit/request": "^9.2.3", "@octokit/types": "^14.0.0", "universal-user-agent": "^7.0.0" } }, "sha512-Yi8hcoqsrXGdt0yObxbebHXFOiUA+2v3n53epuOg1QUgOB6c4XzvisBNVXJSl8RYA5KrDuSL2yq9Qmqe5N0ryA=="],

    "@octokit/rest/@octokit/core/@octokit/request": ["@octokit/request@9.2.4", "", { "dependencies": { "@octokit/endpoint": "^10.1.4", "@octokit/request-error": "^6.1.8", "@octokit/types": "^14.0.0", "fast-content-type-parse": "^2.0.0", "universal-user-agent": "^7.0.2" } }, "sha512-q8ybdytBmxa6KogWlNa818r0k1wlqzNC+yNkcQDECHvQo8Vmstrg18JwqJHdJdUiHD2sjlwBgSm9kHkOKe2iyA=="],

    "@octokit/rest/@octokit/core/@octokit/request-error": ["@octokit/request-error@6.1.8", "", { "dependencies": { "@octokit/types": "^14.0.0" } }, "sha512-WEi/R0Jmq+IJKydWlKDmryPcmdYSVjL3ekaiEL1L9eo1sUnqMJ+grqmC9cjk7CA7+b2/T397tO5d8YLOH3qYpQ=="],

    "@octokit/rest/@octokit/core/@octokit/types": ["@octokit/types@14.1.0", "", { "dependencies": { "@octokit/openapi-types": "^25.1.0" } }, "sha512-1y6DgTy8Jomcpu33N+p5w58l6xyt55Ar2I91RPiIA0xCJBXyUAhXCcmZaDWSANiha7R9a6qJJ2CRomGPZ6f46g=="],

    "@octokit/rest/@octokit/core/before-after-hook": ["before-after-hook@3.0.2", "", {}, "sha512-Nik3Sc0ncrMK4UUdXQmAnRtzmNQTAAXmXIopizwZ1W1t8QmfJj+zL4OA2I7XPTPW5z5TDqv4hRo/JzouDJnX3A=="],

    "@octokit/rest/@octokit/core/universal-user-agent": ["universal-user-agent@7.0.3", "", {}, "sha512-TmnEAEAsBJVZM/AADELsK76llnwcf9vMKuPz8JflO1frO8Lchitr0fNaN9d+Ap0BjKtqWqd/J17qeDnXh8CL2A=="],

    "@types/node-fetch/@types/node/undici-types": ["undici-types@7.16.0", "", {}, "sha512-Zz+aZWSj8LE6zoxD+xrjh4VfkIG8Ya6LvYkZqtUQGJPZjYl53ypCaUwWqo7eI0x66KBGeRo+mlBEkMSeSZ38Nw=="],

    "bun-types/@types/node/undici-types": ["undici-types@7.16.0", "", {}, "sha512-Zz+aZWSj8LE6zoxD+xrjh4VfkIG8Ya6LvYkZqtUQGJPZjYl53ypCaUwWqo7eI0x66KBGeRo+mlBEkMSeSZ38Nw=="],

    "openai/@types/node/undici-types": ["undici-types@5.26.5", "", {}, "sha512-JlCMO+ehdEIKqlFxk6IfVoAUVmgz7cU7zD/h9XZ0qzeosSHmUJVOzSQvvYSYWXkFXC+IfLKSIffhv0sVZup6pA=="],

    "@octokit/plugin-request-log/@octokit/core/@octokit/request/@octokit/endpoint": ["@octokit/endpoint@10.1.4", "", { "dependencies": { "@octokit/types": "^14.0.0", "universal-user-agent": "^7.0.2" } }, "sha512-OlYOlZIsfEVZm5HCSR8aSg02T2lbUWOsCQoPKfTXJwDzcHQBrVBGdGXb89dv2Kw2ToZaRtudp8O3ZIYoaOjKlA=="],

    "@octokit/plugin-request-log/@octokit/core/@octokit/types/@octokit/openapi-types": ["@octokit/openapi-types@25.1.0", "", {}, "sha512-idsIggNXUKkk0+BExUn1dQ92sfysJrje03Q0bv0e+KPLrvyqZF8MnBpFz8UNfYDwB3Ie7Z0TByjWfzxt7vseaA=="],

    "@octokit/rest/@octokit/core/@octokit/request/@octokit/endpoint": ["@octokit/endpoint@10.1.4", "", { "dependencies": { "@octokit/types": "^14.0.0", "universal-user-agent": "^7.0.2" } }, "sha512-OlYOlZIsfEVZm5HCSR8aSg02T2lbUWOsCQoPKfTXJwDzcHQBrVBGdGXb89dv2Kw2ToZaRtudp8O3ZIYoaOjKlA=="],

    "@octokit/rest/@octokit/core/@octokit/types/@octokit/openapi-types": ["@octokit/openapi-types@25.1.0", "", {}, "sha512-idsIggNXUKkk0+BExUn1dQ92sfysJrje03Q0bv0e+KPLrvyqZF8MnBpFz8UNfYDwB3Ie7Z0TByjWfzxt7vseaA=="],
  }
}
